// !$*UTF8*$!
{
	archiveVersion = 1;
	classes = {
	};
	objectVersion = 46;
	objects = {

/* Begin PBXBuildFile section */
		B39735731D3498B2002B73C5 /* JXHFollowViewController.xib in Resources */ = {isa = PBXBuildFile; fileRef = B39735721D3498B2002B73C5 /* JXHFollowViewController.xib */; };
		B39735771D34B49E002B73C5 /* JXHLoginRegisterController.m in Sources */ = {isa = PBXBuildFile; fileRef = B39735751D34B49E002B73C5 /* JXHLoginRegisterController.m */; };
		B39735781D34B49E002B73C5 /* JXHLoginRegisterController.xib in Resources */ = {isa = PBXBuildFile; fileRef = B39735761D34B49E002B73C5 /* JXHLoginRegisterController.xib */; };
		B397357B1D34BF82002B73C5 /* JXHQuickLoginButton.m in Sources */ = {isa = PBXBuildFile; fileRef = B397357A1D34BF82002B73C5 /* JXHQuickLoginButton.m */; };
		B3AB65121D0E81B900498307 /* main.m in Sources */ = {isa = PBXBuildFile; fileRef = B3AB65111D0E81B900498307 /* main.m */; };
		B3AB651D1D0E81B900498307 /* Assets.xcassets in Resources */ = {isa = PBXBuildFile; fileRef = B3AB651C1D0E81B900498307 /* Assets.xcassets */; };
		B3AB652B1D0E81BA00498307 /* _____Tests.m in Sources */ = {isa = PBXBuildFile; fileRef = B3AB652A1D0E81BA00498307 /* _____Tests.m */; };
		B3AB65361D0E81BA00498307 /* _____UITests.m in Sources */ = {isa = PBXBuildFile; fileRef = B3AB65351D0E81BA00498307 /* _____UITests.m */; };
		B3E68EC51D224A5B00F2B90F /* JXHEssenceViewController.m in Sources */ = {isa = PBXBuildFile; fileRef = B3E68E9D1D224A5B00F2B90F /* JXHEssenceViewController.m */; };
		B3E68EC61D224A5B00F2B90F /* JXHFollowViewController.m in Sources */ = {isa = PBXBuildFile; fileRef = B3E68EA31D224A5B00F2B90F /* JXHFollowViewController.m */; };
		B3E68EC71D224A5B00F2B90F /* AppDelegate.m in Sources */ = {isa = PBXBuildFile; fileRef = B3E68EA81D224A5B00F2B90F /* AppDelegate.m */; };
		B3E68EC81D224A5B00F2B90F /* JXHMeViewController.m in Sources */ = {isa = PBXBuildFile; fileRef = B3E68EAB1D224A5B00F2B90F /* JXHMeViewController.m */; };
		B3E68EC91D224A5B00F2B90F /* JXHNewViewController.m in Sources */ = {isa = PBXBuildFile; fileRef = B3E68EB11D224A5B00F2B90F /* JXHNewViewController.m */; };
		B3E68ECA1D224A5B00F2B90F /* JXHTabBarController.m in Sources */ = {isa = PBXBuildFile; fileRef = B3E68EB71D224A5B00F2B90F /* JXHTabBarController.m */; };
		B3E68ECB1D224A5B00F2B90F /* JXHCustomTabBar.m in Sources */ = {isa = PBXBuildFile; fileRef = B3E68EBD1D224A5B00F2B90F /* JXHCustomTabBar.m */; };
		B3E68ECC1D224A5B00F2B90F /* UIView+JXHExt.m in Sources */ = {isa = PBXBuildFile; fileRef = B3E68EC31D224A5B00F2B90F /* UIView+JXHExt.m */; };
		B3E68ECF1D22527600F2B90F /* UIBarButtonItem+JXHExt.m in Sources */ = {isa = PBXBuildFile; fileRef = B3E68ECE1D22527600F2B90F /* UIBarButtonItem+JXHExt.m */; };
		B3E68ED51D22558400F2B90F /* JXHNavigationController.m in Sources */ = {isa = PBXBuildFile; fileRef = B3E68ED41D22558400F2B90F /* JXHNavigationController.m */; };
/* End PBXBuildFile section */

/* Begin PBXContainerItemProxy section */
		B3AB65271D0E81BA00498307 /* PBXContainerItemProxy */ = {
			isa = PBXContainerItemProxy;
			containerPortal = B3AB65051D0E81B900498307 /* Project object */;
			proxyType = 1;
			remoteGlobalIDString = B3AB650C1D0E81B900498307;
			remoteInfo = "百思不得姐";
		};
		B3AB65321D0E81BA00498307 /* PBXContainerItemProxy */ = {
			isa = PBXContainerItemProxy;
			containerPortal = B3AB65051D0E81B900498307 /* Project object */;
			proxyType = 1;
			remoteGlobalIDString = B3AB650C1D0E81B900498307;
			remoteInfo = "百思不得姐";
		};
/* End PBXContainerItemProxy section */

/* Begin PBXFileReference section */
		B39735721D3498B2002B73C5 /* JXHFollowViewController.xib */ = {isa = PBXFileReference; fileEncoding = 4; lastKnownFileType = file.xib; path = JXHFollowViewController.xib; sourceTree = "<group>"; };
		B39735741D34B49E002B73C5 /* JXHLoginRegisterController.h */ = {isa = PBXFileReference; fileEncoding = 4; lastKnownFileType = sourcecode.c.h; path = JXHLoginRegisterController.h; sourceTree = "<group>"; };
		B39735751D34B49E002B73C5 /* JXHLoginRegisterController.m */ = {isa = PBXFileReference; fileEncoding = 4; lastKnownFileType = sourcecode.c.objc; path = JXHLoginRegisterController.m; sourceTree = "<group>"; };
		B39735761D34B49E002B73C5 /* JXHLoginRegisterController.xib */ = {isa = PBXFileReference; fileEncoding = 4; lastKnownFileType = file.xib; path = JXHLoginRegisterController.xib; sourceTree = "<group>"; };
		B39735791D34BF82002B73C5 /* JXHQuickLoginButton.h */ = {isa = PBXFileReference; fileEncoding = 4; lastKnownFileType = sourcecode.c.h; path = JXHQuickLoginButton.h; sourceTree = "<group>"; };
		B397357A1D34BF82002B73C5 /* JXHQuickLoginButton.m */ = {isa = PBXFileReference; fileEncoding = 4; lastKnownFileType = sourcecode.c.objc; path = JXHQuickLoginButton.m; sourceTree = "<group>"; };
		B3AB650D1D0E81B900498307 /* 百思不得姐.app */ = {isa = PBXFileReference; explicitFileType = wrapper.application; includeInIndex = 0; path = "百思不得姐.app"; sourceTree = BUILT_PRODUCTS_DIR; };
		B3AB65111D0E81B900498307 /* main.m */ = {isa = PBXFileReference; lastKnownFileType = sourcecode.c.objc; path = main.m; sourceTree = "<group>"; };
		B3AB651C1D0E81B900498307 /* Assets.xcassets */ = {isa = PBXFileReference; lastKnownFileType = folder.assetcatalog; path = Assets.xcassets; sourceTree = "<group>"; };
		B3AB65211D0E81B900498307 /* Info.plist */ = {isa = PBXFileReference; lastKnownFileType = text.plist.xml; path = Info.plist; sourceTree = "<group>"; };
		B3AB65261D0E81BA00498307 /* 百思不得姐Tests.xctest */ = {isa = PBXFileReference; explicitFileType = wrapper.cfbundle; includeInIndex = 0; path = "百思不得姐Tests.xctest"; sourceTree = BUILT_PRODUCTS_DIR; };
		B3AB652A1D0E81BA00498307 /* _____Tests.m */ = {isa = PBXFileReference; lastKnownFileType = sourcecode.c.objc; path = "_____Tests.m"; sourceTree = "<group>"; };
		B3AB652C1D0E81BA00498307 /* Info.plist */ = {isa = PBXFileReference; lastKnownFileType = text.plist.xml; path = Info.plist; sourceTree = "<group>"; };
		B3AB65311D0E81BA00498307 /* 百思不得姐UITests.xctest */ = {isa = PBXFileReference; explicitFileType = wrapper.cfbundle; includeInIndex = 0; path = "百思不得姐UITests.xctest"; sourceTree = BUILT_PRODUCTS_DIR; };
		B3AB65351D0E81BA00498307 /* _____UITests.m */ = {isa = PBXFileReference; lastKnownFileType = sourcecode.c.objc; path = "_____UITests.m"; sourceTree = "<group>"; };
		B3AB65371D0E81BA00498307 /* Info.plist */ = {isa = PBXFileReference; lastKnownFileType = text.plist.xml; path = Info.plist; sourceTree = "<group>"; };
		B3E68E9C1D224A5B00F2B90F /* JXHEssenceViewController.h */ = {isa = PBXFileReference; fileEncoding = 4; lastKnownFileType = sourcecode.c.h; path = JXHEssenceViewController.h; sourceTree = "<group>"; };
		B3E68E9D1D224A5B00F2B90F /* JXHEssenceViewController.m */ = {isa = PBXFileReference; fileEncoding = 4; lastKnownFileType = sourcecode.c.objc; path = JXHEssenceViewController.m; sourceTree = "<group>"; };
		B3E68EA21D224A5B00F2B90F /* JXHFollowViewController.h */ = {isa = PBXFileReference; fileEncoding = 4; lastKnownFileType = sourcecode.c.h; path = JXHFollowViewController.h; sourceTree = "<group>"; };
		B3E68EA31D224A5B00F2B90F /* JXHFollowViewController.m */ = {isa = PBXFileReference; fileEncoding = 4; lastKnownFileType = sourcecode.c.objc; path = JXHFollowViewController.m; sourceTree = "<group>"; };
		B3E68EA71D224A5B00F2B90F /* AppDelegate.h */ = {isa = PBXFileReference; fileEncoding = 4; lastKnownFileType = sourcecode.c.h; name = AppDelegate.h; path = ../Me/AppDelegate.h; sourceTree = "<group>"; };
		B3E68EA81D224A5B00F2B90F /* AppDelegate.m */ = {isa = PBXFileReference; fileEncoding = 4; lastKnownFileType = sourcecode.c.objc; name = AppDelegate.m; path = ../Me/AppDelegate.m; sourceTree = "<group>"; };
		B3E68EAA1D224A5B00F2B90F /* JXHMeViewController.h */ = {isa = PBXFileReference; fileEncoding = 4; lastKnownFileType = sourcecode.c.h; path = JXHMeViewController.h; sourceTree = "<group>"; };
		B3E68EAB1D224A5B00F2B90F /* JXHMeViewController.m */ = {isa = PBXFileReference; fileEncoding = 4; lastKnownFileType = sourcecode.c.objc; path = JXHMeViewController.m; sourceTree = "<group>"; };
		B3E68EB01D224A5B00F2B90F /* JXHNewViewController.h */ = {isa = PBXFileReference; fileEncoding = 4; lastKnownFileType = sourcecode.c.h; path = JXHNewViewController.h; sourceTree = "<group>"; };
		B3E68EB11D224A5B00F2B90F /* JXHNewViewController.m */ = {isa = PBXFileReference; fileEncoding = 4; lastKnownFileType = sourcecode.c.objc; path = JXHNewViewController.m; sourceTree = "<group>"; };
		B3E68EB61D224A5B00F2B90F /* JXHTabBarController.h */ = {isa = PBXFileReference; fileEncoding = 4; lastKnownFileType = sourcecode.c.h; path = JXHTabBarController.h; sourceTree = "<group>"; };
		B3E68EB71D224A5B00F2B90F /* JXHTabBarController.m */ = {isa = PBXFileReference; fileEncoding = 4; lastKnownFileType = sourcecode.c.objc; path = JXHTabBarController.m; sourceTree = "<group>"; };
		B3E68EB81D224A5B00F2B90F /* JXHHeader.h */ = {isa = PBXFileReference; fileEncoding = 4; lastKnownFileType = sourcecode.c.h; path = JXHHeader.h; sourceTree = "<group>"; };
		B3E68EB91D224A5B00F2B90F /* JXHPrefixHeader.pch */ = {isa = PBXFileReference; fileEncoding = 4; lastKnownFileType = sourcecode.c.h; path = JXHPrefixHeader.pch; sourceTree = "<group>"; };
		B3E68EBC1D224A5B00F2B90F /* JXHCustomTabBar.h */ = {isa = PBXFileReference; fileEncoding = 4; lastKnownFileType = sourcecode.c.h; path = JXHCustomTabBar.h; sourceTree = "<group>"; };
		B3E68EBD1D224A5B00F2B90F /* JXHCustomTabBar.m */ = {isa = PBXFileReference; fileEncoding = 4; lastKnownFileType = sourcecode.c.objc; path = JXHCustomTabBar.m; sourceTree = "<group>"; };
		B3E68EC21D224A5B00F2B90F /* UIView+JXHExt.h */ = {isa = PBXFileReference; fileEncoding = 4; lastKnownFileType = sourcecode.c.h; path = "UIView+JXHExt.h"; sourceTree = "<group>"; };
		B3E68EC31D224A5B00F2B90F /* UIView+JXHExt.m */ = {isa = PBXFileReference; fileEncoding = 4; lastKnownFileType = sourcecode.c.objc; path = "UIView+JXHExt.m"; sourceTree = "<group>"; };
		B3E68ECD1D22527600F2B90F /* UIBarButtonItem+JXHExt.h */ = {isa = PBXFileReference; fileEncoding = 4; lastKnownFileType = sourcecode.c.h; path = "UIBarButtonItem+JXHExt.h"; sourceTree = "<group>"; };
		B3E68ECE1D22527600F2B90F /* UIBarButtonItem+JXHExt.m */ = {isa = PBXFileReference; fileEncoding = 4; lastKnownFileType = sourcecode.c.objc; path = "UIBarButtonItem+JXHExt.m"; sourceTree = "<group>"; };
		B3E68ED31D22558400F2B90F /* JXHNavigationController.h */ = {isa = PBXFileReference; fileEncoding = 4; lastKnownFileType = sourcecode.c.h; path = JXHNavigationController.h; sourceTree = "<group>"; };
		B3E68ED41D22558400F2B90F /* JXHNavigationController.m */ = {isa = PBXFileReference; fileEncoding = 4; lastKnownFileType = sourcecode.c.objc; path = JXHNavigationController.m; sourceTree = "<group>"; };
/* End PBXFileReference section */

/* Begin PBXFrameworksBuildPhase section */
		B3AB650A1D0E81B900498307 /* Frameworks */ = {
			isa = PBXFrameworksBuildPhase;
			buildActionMask = 2147483647;
			files = (
			);
			runOnlyForDeploymentPostprocessing = 0;
		};
		B3AB65231D0E81BA00498307 /* Frameworks */ = {
			isa = PBXFrameworksBuildPhase;
			buildActionMask = 2147483647;
			files = (
			);
			runOnlyForDeploymentPostprocessing = 0;
		};
		B3AB652E1D0E81BA00498307 /* Frameworks */ = {
			isa = PBXFrameworksBuildPhase;
			buildActionMask = 2147483647;
			files = (
			);
			runOnlyForDeploymentPostprocessing = 0;
		};
/* End PBXFrameworksBuildPhase section */

/* Begin PBXGroup section */
		B3AB65041D0E81B900498307 = {
			isa = PBXGroup;
			children = (
				B3AB650F1D0E81B900498307 /* 百思不得姐 */,
				B3AB65291D0E81BA00498307 /* 百思不得姐Tests */,
				B3AB65341D0E81BA00498307 /* 百思不得姐UITests */,
				B3AB650E1D0E81B900498307 /* Products */,
			);
			sourceTree = "<group>";
		};
		B3AB650E1D0E81B900498307 /* Products */ = {
			isa = PBXGroup;
			children = (
				B3AB650D1D0E81B900498307 /* 百思不得姐.app */,
				B3AB65261D0E81BA00498307 /* 百思不得姐Tests.xctest */,
				B3AB65311D0E81BA00498307 /* 百思不得姐UITests.xctest */,
			);
			name = Products;
			sourceTree = "<group>";
		};
		B3AB650F1D0E81B900498307 /* 百思不得姐 */ = {
			isa = PBXGroup;
			children = (
				B3AB65431D0E848000498307 /* Classes */,
				B3AB65101D0E81B900498307 /* Supporting Files */,
			);
			path = "百思不得姐";
			sourceTree = "<group>";
		};
		B3AB65101D0E81B900498307 /* Supporting Files */ = {
			isa = PBXGroup;
			children = (
				B3AB651C1D0E81B900498307 /* Assets.xcassets */,
				B3AB65211D0E81B900498307 /* Info.plist */,
				B3AB65111D0E81B900498307 /* main.m */,
			);
			name = "Supporting Files";
			sourceTree = "<group>";
		};
		B3AB65291D0E81BA00498307 /* 百思不得姐Tests */ = {
			isa = PBXGroup;
			children = (
				B3AB652A1D0E81BA00498307 /* _____Tests.m */,
				B3AB652C1D0E81BA00498307 /* Info.plist */,
			);
			path = "百思不得姐Tests";
			sourceTree = "<group>";
		};
		B3AB65341D0E81BA00498307 /* 百思不得姐UITests */ = {
			isa = PBXGroup;
			children = (
				B3AB65351D0E81BA00498307 /* _____UITests.m */,
				B3AB65371D0E81BA00498307 /* Info.plist */,
			);
			path = "百思不得姐UITests";
			sourceTree = "<group>";
		};
		B3AB65431D0E848000498307 /* Classes */ = {
			isa = PBXGroup;
			children = (
				B3E68E9A1D224A5B00F2B90F /* Essence */,
				B3E68EAE1D224A5B00F2B90F /* New */,
				B3E68EA01D224A5B00F2B90F /* Follow */,
				B3E68EA61D224A5B00F2B90F /* Me */,
				B3E68EB41D224A5B00F2B90F /* Other */,
				B3E68EC01D224A5B00F2B90F /* Utility */,
				B3E68EBF1D224A5B00F2B90F /* Third */,
				B3E68EBE1D224A5B00F2B90F /* Resource */,
			);
			path = Classes;
			sourceTree = "<group>";
		};
		B3E68E9A1D224A5B00F2B90F /* Essence */ = {
			isa = PBXGroup;
			children = (
				B3E68E9B1D224A5B00F2B90F /* Controller */,
				B3E68E9E1D224A5B00F2B90F /* Model */,
				B3E68E9F1D224A5B00F2B90F /* View */,
			);
			path = Essence;
			sourceTree = "<group>";
		};
		B3E68E9B1D224A5B00F2B90F /* Controller */ = {
			isa = PBXGroup;
			children = (
				B3E68E9C1D224A5B00F2B90F /* JXHEssenceViewController.h */,
				B3E68E9D1D224A5B00F2B90F /* JXHEssenceViewController.m */,
			);
			path = Controller;
			sourceTree = "<group>";
		};
		B3E68E9E1D224A5B00F2B90F /* Model */ = {
			isa = PBXGroup;
			children = (
			);
			path = Model;
			sourceTree = "<group>";
		};
		B3E68E9F1D224A5B00F2B90F /* View */ = {
			isa = PBXGroup;
			children = (
			);
			path = View;
			sourceTree = "<group>";
		};
		B3E68EA01D224A5B00F2B90F /* Follow */ = {
			isa = PBXGroup;
			children = (
				B3E68EA11D224A5B00F2B90F /* Controller */,
				B3E68EA41D224A5B00F2B90F /* Model */,
				B3E68EA51D224A5B00F2B90F /* View */,
			);
			path = Follow;
			sourceTree = "<group>";
		};
		B3E68EA11D224A5B00F2B90F /* Controller */ = {
			isa = PBXGroup;
			children = (
				B3E68EA21D224A5B00F2B90F /* JXHFollowViewController.h */,
				B3E68EA31D224A5B00F2B90F /* JXHFollowViewController.m */,
				B39735721D3498B2002B73C5 /* JXHFollowViewController.xib */,
			);
			path = Controller;
			sourceTree = "<group>";
		};
		B3E68EA41D224A5B00F2B90F /* Model */ = {
			isa = PBXGroup;
			children = (
			);
			path = Model;
			sourceTree = "<group>";
		};
		B3E68EA51D224A5B00F2B90F /* View */ = {
			isa = PBXGroup;
			children = (
			);
			path = View;
			sourceTree = "<group>";
		};
		B3E68EA61D224A5B00F2B90F /* Me */ = {
			isa = PBXGroup;
			children = (
				B3E68EA91D224A5B00F2B90F /* Controller */,
				B3E68EAC1D224A5B00F2B90F /* Model */,
				B3E68EAD1D224A5B00F2B90F /* View */,
			);
			path = Me;
			sourceTree = "<group>";
		};
		B3E68EA91D224A5B00F2B90F /* Controller */ = {
			isa = PBXGroup;
			children = (
				B3E68EAA1D224A5B00F2B90F /* JXHMeViewController.h */,
				B3E68EAB1D224A5B00F2B90F /* JXHMeViewController.m */,
			);
			path = Controller;
			sourceTree = "<group>";
		};
		B3E68EAC1D224A5B00F2B90F /* Model */ = {
			isa = PBXGroup;
			children = (
			);
			path = Model;
			sourceTree = "<group>";
		};
		B3E68EAD1D224A5B00F2B90F /* View */ = {
			isa = PBXGroup;
			children = (
			);
			path = View;
			sourceTree = "<group>";
		};
		B3E68EAE1D224A5B00F2B90F /* New */ = {
			isa = PBXGroup;
			children = (
				B3E68EAF1D224A5B00F2B90F /* Controller */,
				B3E68EB21D224A5B00F2B90F /* Model */,
				B3E68EB31D224A5B00F2B90F /* View */,
			);
			path = New;
			sourceTree = "<group>";
		};
		B3E68EAF1D224A5B00F2B90F /* Controller */ = {
			isa = PBXGroup;
			children = (
				B3E68EB01D224A5B00F2B90F /* JXHNewViewController.h */,
				B3E68EB11D224A5B00F2B90F /* JXHNewViewController.m */,
			);
			path = Controller;
			sourceTree = "<group>";
		};
		B3E68EB21D224A5B00F2B90F /* Model */ = {
			isa = PBXGroup;
			children = (
			);
			path = Model;
			sourceTree = "<group>";
		};
		B3E68EB31D224A5B00F2B90F /* View */ = {
			isa = PBXGroup;
			children = (
			);
			path = View;
			sourceTree = "<group>";
		};
		B3E68EB41D224A5B00F2B90F /* Other */ = {
			isa = PBXGroup;
			children = (
				B3E68EB51D224A5B00F2B90F /* Controller */,
				B3E68EBA1D224A5B00F2B90F /* Model */,
				B3E68EBB1D224A5B00F2B90F /* View */,
				B3E68EA71D224A5B00F2B90F /* AppDelegate.h */,
				B3E68EA81D224A5B00F2B90F /* AppDelegate.m */,
				B3E68EB81D224A5B00F2B90F /* JXHHeader.h */,
				B3E68EB91D224A5B00F2B90F /* JXHPrefixHeader.pch */,
			);
			path = Other;
			sourceTree = "<group>";
		};
		B3E68EB51D224A5B00F2B90F /* Controller */ = {
			isa = PBXGroup;
			children = (
				B3E68EB61D224A5B00F2B90F /* JXHTabBarController.h */,
				B3E68EB71D224A5B00F2B90F /* JXHTabBarController.m */,
				B3E68ED31D22558400F2B90F /* JXHNavigationController.h */,
				B3E68ED41D22558400F2B90F /* JXHNavigationController.m */,
				B39735741D34B49E002B73C5 /* JXHLoginRegisterController.h */,
				B39735751D34B49E002B73C5 /* JXHLoginRegisterController.m */,
				B39735761D34B49E002B73C5 /* JXHLoginRegisterController.xib */,
			);
			path = Controller;
			sourceTree = "<group>";
		};
		B3E68EBA1D224A5B00F2B90F /* Model */ = {
			isa = PBXGroup;
			children = (
			);
			path = Model;
			sourceTree = "<group>";
		};
		B3E68EBB1D224A5B00F2B90F /* View */ = {
			isa = PBXGroup;
			children = (
				B3E68EBC1D224A5B00F2B90F /* JXHCustomTabBar.h */,
				B3E68EBD1D224A5B00F2B90F /* JXHCustomTabBar.m */,
				B39735791D34BF82002B73C5 /* JXHQuickLoginButton.h */,
				B397357A1D34BF82002B73C5 /* JXHQuickLoginButton.m */,
			);
			path = View;
			sourceTree = "<group>";
		};
		B3E68EBE1D224A5B00F2B90F /* Resource */ = {
			isa = PBXGroup;
			children = (
			);
			path = Resource;
			sourceTree = "<group>";
		};
		B3E68EBF1D224A5B00F2B90F /* Third */ = {
			isa = PBXGroup;
			children = (
			);
			path = Third;
			sourceTree = "<group>";
		};
		B3E68EC01D224A5B00F2B90F /* Utility */ = {
			isa = PBXGroup;
			children = (
				B3E68EC11D224A5B00F2B90F /* Category */,
				B3E68EC41D224A5B00F2B90F /* Const */,
			);
			path = Utility;
			sourceTree = "<group>";
		};
		B3E68EC11D224A5B00F2B90F /* Category */ = {
			isa = PBXGroup;
			children = (
				B3E68EC21D224A5B00F2B90F /* UIView+JXHExt.h */,
				B3E68EC31D224A5B00F2B90F /* UIView+JXHExt.m */,
				B3E68ECD1D22527600F2B90F /* UIBarButtonItem+JXHExt.h */,
				B3E68ECE1D22527600F2B90F /* UIBarButtonItem+JXHExt.m */,
			);
			path = Category;
			sourceTree = "<group>";
		};
		B3E68EC41D224A5B00F2B90F /* Const */ = {
			isa = PBXGroup;
			children = (
			);
			path = Const;
			sourceTree = "<group>";
		};
/* End PBXGroup section */

/* Begin PBXNativeTarget section */
		B3AB650C1D0E81B900498307 /* 百思不得姐 */ = {
			isa = PBXNativeTarget;
			buildConfigurationList = B3AB653A1D0E81BA00498307 /* Build configuration list for PBXNativeTarget "百思不得姐" */;
			buildPhases = (
				B3AB65091D0E81B900498307 /* Sources */,
				B3AB650A1D0E81B900498307 /* Frameworks */,
				B3AB650B1D0E81B900498307 /* Resources */,
			);
			buildRules = (
			);
			dependencies = (
			);
			name = "百思不得姐";
			productName = "百思不得姐";
			productReference = B3AB650D1D0E81B900498307 /* 百思不得姐.app */;
			productType = "com.apple.product-type.application";
		};
		B3AB65251D0E81BA00498307 /* 百思不得姐Tests */ = {
			isa = PBXNativeTarget;
			buildConfigurationList = B3AB653D1D0E81BA00498307 /* Build configuration list for PBXNativeTarget "百思不得姐Tests" */;
			buildPhases = (
				B3AB65221D0E81BA00498307 /* Sources */,
				B3AB65231D0E81BA00498307 /* Frameworks */,
				B3AB65241D0E81BA00498307 /* Resources */,
			);
			buildRules = (
			);
			dependencies = (
				B3AB65281D0E81BA00498307 /* PBXTargetDependency */,
			);
			name = "百思不得姐Tests";
			productName = "百思不得姐Tests";
			productReference = B3AB65261D0E81BA00498307 /* 百思不得姐Tests.xctest */;
			productType = "com.apple.product-type.bundle.unit-test";
		};
		B3AB65301D0E81BA00498307 /* 百思不得姐UITests */ = {
			isa = PBXNativeTarget;
			buildConfigurationList = B3AB65401D0E81BA00498307 /* Build configuration list for PBXNativeTarget "百思不得姐UITests" */;
			buildPhases = (
				B3AB652D1D0E81BA00498307 /* Sources */,
				B3AB652E1D0E81BA00498307 /* Frameworks */,
				B3AB652F1D0E81BA00498307 /* Resources */,
			);
			buildRules = (
			);
			dependencies = (
				B3AB65331D0E81BA00498307 /* PBXTargetDependency */,
			);
			name = "百思不得姐UITests";
			productName = "百思不得姐UITests";
			productReference = B3AB65311D0E81BA00498307 /* 百思不得姐UITests.xctest */;
			productType = "com.apple.product-type.bundle.ui-testing";
		};
/* End PBXNativeTarget section */

/* Begin PBXProject section */
		B3AB65051D0E81B900498307 /* Project object */ = {
			isa = PBXProject;
			attributes = {
				CLASSPREFIX = JXH;
				LastUpgradeCheck = 0730;
				ORGANIZATIONNAME = juxiaohui;
				TargetAttributes = {
					B3AB650C1D0E81B900498307 = {
						CreatedOnToolsVersion = 7.3.1;
					};
					B3AB65251D0E81BA00498307 = {
						CreatedOnToolsVersion = 7.3.1;
						TestTargetID = B3AB650C1D0E81B900498307;
					};
					B3AB65301D0E81BA00498307 = {
						CreatedOnToolsVersion = 7.3.1;
						TestTargetID = B3AB650C1D0E81B900498307;
					};
				};
			};
			buildConfigurationList = B3AB65081D0E81B900498307 /* Build configuration list for PBXProject "百思不得姐" */;
			compatibilityVersion = "Xcode 3.2";
			developmentRegion = English;
			hasScannedForEncodings = 0;
			knownRegions = (
				en,
				Base,
			);
			mainGroup = B3AB65041D0E81B900498307;
			productRefGroup = B3AB650E1D0E81B900498307 /* Products */;
			projectDirPath = "";
			projectRoot = "";
			targets = (
				B3AB650C1D0E81B900498307 /* 百思不得姐 */,
				B3AB65251D0E81BA00498307 /* 百思不得姐Tests */,
				B3AB65301D0E81BA00498307 /* 百思不得姐UITests */,
			);
		};
/* End PBXProject section */

/* Begin PBXResourcesBuildPhase section */
		B3AB650B1D0E81B900498307 /* Resources */ = {
			isa = PBXResourcesBuildPhase;
			buildActionMask = 2147483647;
			files = (
				B39735731D3498B2002B73C5 /* JXHFollowViewController.xib in Resources */,
				B3AB651D1D0E81B900498307 /* Assets.xcassets in Resources */,
				B39735781D34B49E002B73C5 /* JXHLoginRegisterController.xib in Resources */,
			);
			runOnlyForDeploymentPostprocessing = 0;
		};
		B3AB65241D0E81BA00498307 /* Resources */ = {
			isa = PBXResourcesBuildPhase;
			buildActionMask = 2147483647;
			files = (
			);
			runOnlyForDeploymentPostprocessing = 0;
		};
		B3AB652F1D0E81BA00498307 /* Resources */ = {
			isa = PBXResourcesBuildPhase;
			buildActionMask = 2147483647;
			files = (
			);
			runOnlyForDeploymentPostprocessing = 0;
		};
/* End PBXResourcesBuildPhase section */

/* Begin PBXSourcesBuildPhase section */
		B3AB65091D0E81B900498307 /* Sources */ = {
			isa = PBXSourcesBuildPhase;
			buildActionMask = 2147483647;
			files = (
				B3E68ECA1D224A5B00F2B90F /* JXHTabBarController.m in Sources */,
				B3E68ECF1D22527600F2B90F /* UIBarButtonItem+JXHExt.m in Sources */,
				B3E68EC91D224A5B00F2B90F /* JXHNewViewController.m in Sources */,
				B39735771D34B49E002B73C5 /* JXHLoginRegisterController.m in Sources */,
				B3E68ECC1D224A5B00F2B90F /* UIView+JXHExt.m in Sources */,
				B3E68EC81D224A5B00F2B90F /* JXHMeViewController.m in Sources */,
				B397357B1D34BF82002B73C5 /* JXHQuickLoginButton.m in Sources */,
				B3E68EC51D224A5B00F2B90F /* JXHEssenceViewController.m in Sources */,
				B3E68EC71D224A5B00F2B90F /* AppDelegate.m in Sources */,
				B3E68ED51D22558400F2B90F /* JXHNavigationController.m in Sources */,
				B3AB65121D0E81B900498307 /* main.m in Sources */,
				B3E68ECB1D224A5B00F2B90F /* JXHCustomTabBar.m in Sources */,
				B3E68EC61D224A5B00F2B90F /* JXHFollowViewController.m in Sources */,
			);
			runOnlyForDeploymentPostprocessing = 0;
		};
		B3AB65221D0E81BA00498307 /* Sources */ = {
			isa = PBXSourcesBuildPhase;
			buildActionMask = 2147483647;
			files = (
				B3AB652B1D0E81BA00498307 /* _____Tests.m in Sources */,
			);
			runOnlyForDeploymentPostprocessing = 0;
		};
		B3AB652D1D0E81BA00498307 /* Sources */ = {
			isa = PBXSourcesBuildPhase;
			buildActionMask = 2147483647;
			files = (
				B3AB65361D0E81BA00498307 /* _____UITests.m in Sources */,
			);
			runOnlyForDeploymentPostprocessing = 0;
		};
/* End PBXSourcesBuildPhase section */

/* Begin PBXTargetDependency section */
		B3AB65281D0E81BA00498307 /* PBXTargetDependency */ = {
			isa = PBXTargetDependency;
			target = B3AB650C1D0E81B900498307 /* 百思不得姐 */;
			targetProxy = B3AB65271D0E81BA00498307 /* PBXContainerItemProxy */;
		};
		B3AB65331D0E81BA00498307 /* PBXTargetDependency */ = {
			isa = PBXTargetDependency;
			target = B3AB650C1D0E81B900498307 /* 百思不得姐 */;
			targetProxy = B3AB65321D0E81BA00498307 /* PBXContainerItemProxy */;
		};
/* End PBXTargetDependency section */

/* Begin XCBuildConfiguration section */
		B3AB65381D0E81BA00498307 /* Debug */ = {
			isa = XCBuildConfiguration;
			buildSettings = {
				ALWAYS_SEARCH_USER_PATHS = NO;
				CLANG_ANALYZER_NONNULL = YES;
				CLANG_CXX_LANGUAGE_STANDARD = "gnu++0x";
				CLANG_CXX_LIBRARY = "libc++";
				CLANG_ENABLE_MODULES = YES;
				CLANG_ENABLE_OBJC_ARC = YES;
				CLANG_WARN_BOOL_CONVERSION = YES;
				CLANG_WARN_CONSTANT_CONVERSION = YES;
				CLANG_WARN_DIRECT_OBJC_ISA_USAGE = YES_ERROR;
				CLANG_WARN_EMPTY_BODY = YES;
				CLANG_WARN_ENUM_CONVERSION = YES;
				CLANG_WARN_INT_CONVERSION = YES;
				CLANG_WARN_OBJC_ROOT_CLASS = YES_ERROR;
				CLANG_WARN_UNREACHABLE_CODE = YES;
				CLANG_WARN__DUPLICATE_METHOD_MATCH = YES;
				"CODE_SIGN_IDENTITY[sdk=iphoneos*]" = "iPhone Developer";
				COPY_PHASE_STRIP = NO;
				DEBUG_INFORMATION_FORMAT = dwarf;
				ENABLE_STRICT_OBJC_MSGSEND = YES;
				ENABLE_TESTABILITY = YES;
				GCC_C_LANGUAGE_STANDARD = gnu99;
				GCC_DYNAMIC_NO_PIC = NO;
				GCC_NO_COMMON_BLOCKS = YES;
				GCC_OPTIMIZATION_LEVEL = 0;
				GCC_PREPROCESSOR_DEFINITIONS = (
					"DEBUG=1",
					"$(inherited)",
				);
				GCC_WARN_64_TO_32_BIT_CONVERSION = YES;
				GCC_WARN_ABOUT_RETURN_TYPE = YES_ERROR;
				GCC_WARN_UNDECLARED_SELECTOR = YES;
				GCC_WARN_UNINITIALIZED_AUTOS = YES_AGGRESSIVE;
				GCC_WARN_UNUSED_FUNCTION = YES;
				GCC_WARN_UNUSED_VARIABLE = YES;
				IPHONEOS_DEPLOYMENT_TARGET = 9.3;
				MTL_ENABLE_DEBUG_INFO = YES;
				ONLY_ACTIVE_ARCH = YES;
				SDKROOT = iphoneos;
			};
			name = Debug;
		};
		B3AB65391D0E81BA00498307 /* Release */ = {
			isa = XCBuildConfiguration;
			buildSettings = {
				ALWAYS_SEARCH_USER_PATHS = NO;
				CLANG_ANALYZER_NONNULL = YES;
				CLANG_CXX_LANGUAGE_STANDARD = "gnu++0x";
				CLANG_CXX_LIBRARY = "libc++";
				CLANG_ENABLE_MODULES = YES;
				CLANG_ENABLE_OBJC_ARC = YES;
				CLANG_WARN_BOOL_CONVERSION = YES;
				CLANG_WARN_CONSTANT_CONVERSION = YES;
				CLANG_WARN_DIRECT_OBJC_ISA_USAGE = YES_ERROR;
				CLANG_WARN_EMPTY_BODY = YES;
				CLANG_WARN_ENUM_CONVERSION = YES;
				CLANG_WARN_INT_CONVERSION = YES;
				CLANG_WARN_OBJC_ROOT_CLASS = YES_ERROR;
				CLANG_WARN_UNREACHABLE_CODE = YES;
				CLANG_WARN__DUPLICATE_METHOD_MATCH = YES;
				"CODE_SIGN_IDENTITY[sdk=iphoneos*]" = "iPhone Developer";
				COPY_PHASE_STRIP = NO;
				DEBUG_INFORMATION_FORMAT = "dwarf-with-dsym";
				ENABLE_NS_ASSERTIONS = NO;
				ENABLE_STRICT_OBJC_MSGSEND = YES;
				GCC_C_LANGUAGE_STANDARD = gnu99;
				GCC_NO_COMMON_BLOCKS = YES;
				GCC_WARN_64_TO_32_BIT_CONVERSION = YES;
				GCC_WARN_ABOUT_RETURN_TYPE = YES_ERROR;
				GCC_WARN_UNDECLARED_SELECTOR = YES;
				GCC_WARN_UNINITIALIZED_AUTOS = YES_AGGRESSIVE;
				GCC_WARN_UNUSED_FUNCTION = YES;
				GCC_WARN_UNUSED_VARIABLE = YES;
				IPHONEOS_DEPLOYMENT_TARGET = 9.3;
				MTL_ENABLE_DEBUG_INFO = NO;
				SDKROOT = iphoneos;
				VALIDATE_PRODUCT = YES;
			};
			name = Release;
		};
		B3AB653B1D0E81BA00498307 /* Debug */ = {
			isa = XCBuildConfiguration;
			buildSettings = {
				ASSETCATALOG_COMPILER_APPICON_NAME = AppIcon;
				ASSETCATALOG_COMPILER_LAUNCHIMAGE_NAME = "Brand Assets";
				GCC_PREFIX_HEADER = "百思不得姐/Classes/Other/JXHPrefixHeader.pch";
				INFOPLIST_FILE = "百思不得姐/Info.plist";
				LD_RUNPATH_SEARCH_PATHS = "$(inherited) @executable_path/Frameworks";
				PRODUCT_BUNDLE_IDENTIFIER = "weilingkeji.-----";
				PRODUCT_NAME = "$(TARGET_NAME)";
			};
			name = Debug;
		};
		B3AB653C1D0E81BA00498307 /* Release */ = {
			isa = XCBuildConfiguration;
			buildSettings = {
				ASSETCATALOG_COMPILER_APPICON_NAME = AppIcon;
				ASSETCATALOG_COMPILER_LAUNCHIMAGE_NAME = "Brand Assets";
				GCC_PREFIX_HEADER = "百思不得姐/Classes/Other/JXHPrefixHeader.pch";
				INFOPLIST_FILE = "百思不得姐/Info.plist";
				LD_RUNPATH_SEARCH_PATHS = "$(inherited) @executable_path/Frameworks";
				PRODUCT_BUNDLE_IDENTIFIER = "weilingkeji.-----";
				PRODUCT_NAME = "$(TARGET_NAME)";
			};
			name = Release;
		};
		B3AB653E1D0E81BA00498307 /* Debug */ = {
			isa = XCBuildConfiguration;
			buildSettings = {
				BUNDLE_LOADER = "$(TEST_HOST)";
				INFOPLIST_FILE = "百思不得姐Tests/Info.plist";
				LD_RUNPATH_SEARCH_PATHS = "$(inherited) @executable_path/Frameworks @loader_path/Frameworks";
				PRODUCT_BUNDLE_IDENTIFIER = "weilingkeji.-----Tests";
				PRODUCT_NAME = "$(TARGET_NAME)";
				TEST_HOST = "$(BUILT_PRODUCTS_DIR)/百思不得姐.app/百思不得姐";
			};
			name = Debug;
		};
		B3AB653F1D0E81BA00498307 /* Release */ = {
			isa = XCBuildConfiguration;
			buildSettings = {
				BUNDLE_LOADER = "$(TEST_HOST)";
				INFOPLIST_FILE = "百思不得姐Tests/Info.plist";
				LD_RUNPATH_SEARCH_PATHS = "$(inherited) @executable_path/Frameworks @loader_path/Frameworks";
				PRODUCT_BUNDLE_IDENTIFIER = "weilingkeji.-----Tests";
				PRODUCT_NAME = "$(TARGET_NAME)";
				TEST_HOST = "$(BUILT_PRODUCTS_DIR)/百思不得姐.app/百思不得姐";
			};
			name = Release;
		};
		B3AB65411D0E81BA00498307 /* Debug */ = {
			isa = XCBuildConfiguration;
			buildSettings = {
				INFOPLIST_FILE = "百思不得姐UITests/Info.plist";
				LD_RUNPATH_SEARCH_PATHS = "$(inherited) @executable_path/Frameworks @loader_path/Frameworks";
				PRODUCT_BUNDLE_IDENTIFIER = "weilingkeji.-----UITests";
				PRODUCT_NAME = "$(TARGET_NAME)";
				TEST_TARGET_NAME = "百思不得姐";
			};
			name = Debug;
		};
		B3AB65421D0E81BA00498307 /* Release */ = {
			isa = XCBuildConfiguration;
			buildSettings = {
				INFOPLIST_FILE = "百思不得姐UITests/Info.plist";
				LD_RUNPATH_SEARCH_PATHS = "$(inherited) @executable_path/Frameworks @loader_path/Frameworks";
				PRODUCT_BUNDLE_IDENTIFIER = "weilingkeji.-----UITests";
				PRODUCT_NAME = "$(TARGET_NAME)";
				TEST_TARGET_NAME = "百思不得姐";
			};
			name = Release;
		};
/* End XCBuildConfiguration section */

/* Begin XCConfigurationList section */
		B3AB65081D0E81B900498307 /* Build configuration list for PBXProject "百思不得姐" */ = {
			isa = XCConfigurationList;
			buildConfigurations = (
				B3AB65381D0E81BA00498307 /* Debug */,
				B3AB65391D0E81BA00498307 /* Release */,
			);
			defaultConfigurationIsVisible = 0;
			defaultConfigurationName = Release;
		};
		B3AB653A1D0E81BA00498307 /* Build configuration list for PBXNativeTarget "百思不得姐" */ = {
			isa = XCConfigurationList;
			buildConfigurations = (
				B3AB653B1D0E81BA00498307 /* Debug */,
				B3AB653C1D0E81BA00498307 /* Release */,
			);
			defaultConfigurationIsVisible = 0;
			defaultConfigurationName = Release;
		};
		B3AB653D1D0E81BA00498307 /* Build configuration list for PBXNativeTarget "百思不得姐Tests" */ = {
			isa = XCConfigurationList;
			buildConfigurations = (
				B3AB653E1D0E81BA00498307 /* Debug */,
				B3AB653F1D0E81BA00498307 /* Release */,
			);
			defaultConfigurationIsVisible = 0;
			defaultConfigurationName = Release;
		};
		B3AB65401D0E81BA00498307 /* Build configuration list for PBXNativeTarget "百思不得姐UITests" */ = {
			isa = XCConfigurationList;
			buildConfigurations = (
				B3AB65411D0E81BA00498307 /* Debug */,
				B3AB65421D0E81BA00498307 /* Release */,
			);
			defaultConfigurationIsVisible = 0;
			defaultConfigurationName = Release;
		};
/* End XCConfigurationList section */
	};
	rootObject = B3AB65051D0E81B900498307 /* Project object */;
}
